
Microsoft Visual Studio Solution File, Format Version 12.00
# Visual Studio Version 16
VisualStudioVersion = 16.0.30621.155
MinimumVisualStudioVersion = 10.0.40219.1
Project("{FAE04EC0-301F-11D3-BF4B-00C04F79EFBC}") = "CustomerServicePortal", "CustomerServicePortal\CustomerServicePortal.csproj", "{64836224-22BF-475E-9CD6-50F555873EDB}"
EndProject
Global
	GlobalSection(SolutionConfigurationPlatforms) = preSolution
		Debug|Any CPU = Debug|Any CPU
		Release|Any CPU = Release|Any CPU
	EndGlobalSection
	GlobalSection(ProjectConfigurationPlatforms) = postSolution
		{64836224-22BF-475E-9CD6-50F555873EDB}.Debug|Any CPU.ActiveCfg = Debug|Any CPU
		{64836224-22BF-475E-9CD6-50F555873EDB}.Debug|Any CPU.Build.0 = Debug|Any CPU
		{64836224-22BF-475E-9CD6-50F555873EDB}.Release|Any CPU.ActiveCfg = Release|Any CPU
		{64836224-22BF-475E-9CD6-50F555873EDB}.Release|Any CPU.Build.0 = Release|Any CPU
	EndGlobalSection
	GlobalSection(SolutionProperties) = preSolution
		HideSolutionNode = FALSE
	EndGlobalSection
	GlobalSection(ExtensibilityGlobals) = postSolution
		SolutionGuid = {E4DAB96B-82AA-40A7-AE72-9C605E9EA364}
	EndGlobalSection
EndGlobal
